
Microsoft Visual Studio Solution File, Format Version 12.00
# Visual Studio Version 17
VisualStudioVersion = 17.2.32516.85
MinimumVisualStudioVersion = 10.0.40219.1
Project("{FAE04EC0-301F-11D3-BF4B-00C04F79EFBC}") = "4_ASP_Server_Controls_Part 1", "4_ASP_Server_Controls_Part 1\4_ASP_Server_Controls_Part 1.csproj", "{9E037058-37CC-4285-90D4-99EF19170CCB}"
EndProject
Global
	GlobalSection(SolutionConfigurationPlatforms) = preSolution
		Debug|Any CPU = Debug|Any CPU
		Release|Any CPU = Release|Any CPU
	EndGlobalSection
	GlobalSection(ProjectConfigurationPlatforms) = postSolution
		{9E037058-37CC-4285-90D4-99EF19170CCB}.Debug|Any CPU.ActiveCfg = Debug|Any CPU
		{9E037058-37CC-4285-90D4-99EF19170CCB}.Debug|Any CPU.Build.0 = Debug|Any CPU
		{9E037058-37CC-4285-90D4-99EF19170CCB}.Release|Any CPU.ActiveCfg = Release|Any CPU
		{9E037058-37CC-4285-90D4-99EF19170CCB}.Release|Any CPU.Build.0 = Release|Any CPU
	EndGlobalSection
	GlobalSection(SolutionProperties) = preSolution
		HideSolutionNode = FALSE
	EndGlobalSection
	GlobalSection(ExtensibilityGlobals) = postSolution
		SolutionGuid = {E52DED47-3FC2-45BC-A39A-8675BFD2E623}
	EndGlobalSection
EndGlobal
